
Microsoft Visual Studio Solution File, Format Version 12.00
# Visual Studio 15
VisualStudioVersion = 15.0.26730.8
MinimumVisualStudioVersion = 10.0.40219.1
Project("{FAE04EC0-301F-11D3-BF4B-00C04F79EFBC}") = "WebsiteCore.AuthServer", "WebsiteCore.AuthServer\WebsiteCore.AuthServer.csproj", "{CE7BA783-64F0-4C46-9DA1-50A38D1FCC67}"
EndProject
Global
	GlobalSection(SolutionConfigurationPlatforms) = preSolution
		Debug|Any CPU = Debug|Any CPU
		Release|Any CPU = Release|Any CPU
	EndGlobalSection
	GlobalSection(ProjectConfigurationPlatforms) = postSolution
		{CE7BA783-64F0-4C46-9DA1-50A38D1FCC67}.Debug|Any CPU.ActiveCfg = Debug|Any CPU
		{CE7BA783-64F0-4C46-9DA1-50A38D1FCC67}.Debug|Any CPU.Build.0 = Debug|Any CPU
		{CE7BA783-64F0-4C46-9DA1-50A38D1FCC67}.Release|Any CPU.ActiveCfg = Release|Any CPU
		{CE7BA783-64F0-4C46-9DA1-50A38D1FCC67}.Release|Any CPU.Build.0 = Release|Any CPU
	EndGlobalSection
	GlobalSection(SolutionProperties) = preSolution
		HideSolutionNode = FALSE
	EndGlobalSection
	GlobalSection(ExtensibilityGlobals) = postSolution
		SolutionGuid = {63717C28-0503-41D7-A740-52C250A28AA6}
	EndGlobalSection
EndGlobal
